{
  "version": 4,
  "terraform_version": "1.6.3",
  "serial": 14,
  "lineage": "9b36b4e2-af68-9436-1fb3-b27388310a0c",
  "outputs": {},
  "resources": [
    {
      "mode": "managed",
      "type": "azurerm_eventhub_namespace",
      "name": "this",
      "provider": "provider[\"registry.terraform.io/hashicorp/azurerm\"]",
      "instances": [
        {
          "status": "tainted",
          "schema_version": 0,
          "attributes": {
            "auto_inflate_enabled": false,
            "capacity": 1,
            "dedicated_cluster_id": null,
            "default_primary_connection_string": null,
            "default_primary_connection_string_alias": null,
            "default_primary_key": null,
            "default_secondary_connection_string": null,
            "default_secondary_connection_string_alias": null,
            "default_secondary_key": null,
            "id": "/subscriptions/0b38b0b7-ed86-466d-83c9-0c4e8a19afc6/resourceGroups/north-sea-port/providers/Microsoft.EventHub/namespaces/ais-events",
            "identity": [],
            "local_authentication_enabled": true,
            "location": "westeurope",
            "maximum_throughput_units": null,
            "minimum_tls_version": null,
            "name": "ais-events",
            "network_rulesets": [
              {
                "default_action": "Deny",
                "ip_rule": null,
                "public_network_access_enabled": true,
                "trusted_service_access_enabled": false,
                "virtual_network_rule": [
                  {
                    "ignore_missing_virtual_network_service_endpoint": null,
                    "subnet_id": "/subscriptions/0b38b0b7-ed86-466d-83c9-0c4e8a19afc6/resourceGroups/north-sea-port/providers/Microsoft.Network/virtualNetworks/north-sea-port-vnet/subnets/events"
                  }
                ]
              }
            ],
            "public_network_access_enabled": true,
            "resource_group_name": "north-sea-port",
            "sku": "Standard",
            "tags": null,
            "timeouts": null,
            "zone_redundant": false
          },
          "sensitive_attributes": [],
          "private": "eyJlMmJmYjczMC1lY2FhLTExZTYtOGY4OC0zNDM2M2JjN2M0YzAiOnsiY3JlYXRlIjoxODAwMDAwMDAwMDAwLCJkZWxldGUiOjE4MDAwMDAwMDAwMDAsInJlYWQiOjMwMDAwMDAwMDAwMCwidXBkYXRlIjoxODAwMDAwMDAwMDAwfX0=",
          "dependencies": [
            "azurerm_resource_group.this",
            "azurerm_subnet.events",
            "azurerm_virtual_network.this"
          ]
        }
      ]
    },
    {
      "mode": "managed",
      "type": "azurerm_lb",
      "name": "this",
      "provider": "provider[\"registry.terraform.io/hashicorp/azurerm\"]",
      "instances": [
        {
          "schema_version": 0,
          "attributes": {
            "edge_zone": "",
            "frontend_ip_configuration": [
              {
                "gateway_load_balancer_frontend_ip_configuration_id": "",
                "id": "/subscriptions/0b38b0b7-ed86-466d-83c9-0c4e8a19afc6/resourceGroups/north-sea-port/providers/Microsoft.Network/loadBalancers/ais-load-balancer/frontendIPConfigurations/ais-frontend-ip-config",
                "inbound_nat_rules": [],
                "load_balancer_rules": [],
                "name": "ais-frontend-ip-config",
                "outbound_rules": [],
                "private_ip_address": "",
                "private_ip_address_allocation": "Dynamic",
                "private_ip_address_version": "",
                "public_ip_address_id": "/subscriptions/0b38b0b7-ed86-466d-83c9-0c4e8a19afc6/resourceGroups/north-sea-port/providers/Microsoft.Network/publicIPAddresses/ais-public-ip",
                "public_ip_prefix_id": "",
                "subnet_id": "",
                "zones": null
              }
            ],
            "id": "/subscriptions/0b38b0b7-ed86-466d-83c9-0c4e8a19afc6/resourceGroups/north-sea-port/providers/Microsoft.Network/loadBalancers/ais-load-balancer",
            "location": "westeurope",
            "name": "ais-load-balancer",
            "private_ip_address": "",
            "private_ip_addresses": [],
            "resource_group_name": "north-sea-port",
            "sku": "Standard",
            "sku_tier": "Regional",
            "tags": null,
            "timeouts": null
          },
          "sensitive_attributes": [],
          "private": "eyJlMmJmYjczMC1lY2FhLTExZTYtOGY4OC0zNDM2M2JjN2M0YzAiOnsiY3JlYXRlIjoxODAwMDAwMDAwMDAwLCJkZWxldGUiOjE4MDAwMDAwMDAwMDAsInJlYWQiOjMwMDAwMDAwMDAwMCwidXBkYXRlIjoxODAwMDAwMDAwMDAwfX0=",
          "dependencies": [
            "azurerm_public_ip.this",
            "azurerm_resource_group.this"
          ]
        }
      ]
    },
    {
      "mode": "managed",
      "type": "azurerm_lb_backend_address_pool",
      "name": "this",
      "provider": "provider[\"registry.terraform.io/hashicorp/azurerm\"]",
      "instances": [
        {
          "schema_version": 0,
          "attributes": {
            "backend_ip_configurations": [],
            "id": "/subscriptions/0b38b0b7-ed86-466d-83c9-0c4e8a19afc6/resourceGroups/north-sea-port/providers/Microsoft.Network/loadBalancers/ais-load-balancer/backendAddressPools/ais-backend-pool",
            "inbound_nat_rules": [],
            "load_balancing_rules": [],
            "loadbalancer_id": "/subscriptions/0b38b0b7-ed86-466d-83c9-0c4e8a19afc6/resourceGroups/north-sea-port/providers/Microsoft.Network/loadBalancers/ais-load-balancer",
            "name": "ais-backend-pool",
            "outbound_rules": [],
            "timeouts": null,
            "tunnel_interface": [],
            "virtual_network_id": ""
          },
          "sensitive_attributes": [],
          "private": "eyJlMmJmYjczMC1lY2FhLTExZTYtOGY4OC0zNDM2M2JjN2M0YzAiOnsiY3JlYXRlIjoxODAwMDAwMDAwMDAwLCJkZWxldGUiOjE4MDAwMDAwMDAwMDAsInJlYWQiOjMwMDAwMDAwMDAwMCwidXBkYXRlIjoxODAwMDAwMDAwMDAwfX0=",
          "dependencies": [
            "azurerm_lb.this",
            "azurerm_public_ip.this",
            "azurerm_resource_group.this"
          ]
        }
      ]
    },
    {
      "mode": "managed",
      "type": "azurerm_lb_nat_rule",
      "name": "this",
      "provider": "provider[\"registry.terraform.io/hashicorp/azurerm\"]",
      "instances": [
        {
          "schema_version": 0,
          "attributes": {
            "backend_address_pool_id": "/subscriptions/0b38b0b7-ed86-466d-83c9-0c4e8a19afc6/resourceGroups/north-sea-port/providers/Microsoft.Network/loadBalancers/ais-load-balancer/backendAddressPools/ais-backend-pool",
            "backend_ip_configuration_id": "",
            "backend_port": 2001,
            "enable_floating_ip": false,
            "enable_tcp_reset": false,
            "frontend_ip_configuration_id": "/subscriptions/0b38b0b7-ed86-466d-83c9-0c4e8a19afc6/resourceGroups/north-sea-port/providers/Microsoft.Network/loadBalancers/ais-load-balancer/frontendIPConfigurations/ais-frontend-ip-config",
            "frontend_ip_configuration_name": "ais-frontend-ip-config",
            "frontend_port": 0,
            "frontend_port_end": 2001,
            "frontend_port_start": 2001,
            "id": "/subscriptions/0b38b0b7-ed86-466d-83c9-0c4e8a19afc6/resourceGroups/north-sea-port/providers/Microsoft.Network/loadBalancers/ais-load-balancer/inboundNatRules/allow-port-2001-rule",
            "idle_timeout_in_minutes": 4,
            "loadbalancer_id": "/subscriptions/0b38b0b7-ed86-466d-83c9-0c4e8a19afc6/resourceGroups/north-sea-port/providers/Microsoft.Network/loadBalancers/ais-load-balancer",
            "name": "allow-port-2001-rule",
            "protocol": "Tcp",
            "resource_group_name": "north-sea-port",
            "timeouts": null
          },
          "sensitive_attributes": [],
          "private": "eyJlMmJmYjczMC1lY2FhLTExZTYtOGY4OC0zNDM2M2JjN2M0YzAiOnsiY3JlYXRlIjoxODAwMDAwMDAwMDAwLCJkZWxldGUiOjE4MDAwMDAwMDAwMDAsInJlYWQiOjMwMDAwMDAwMDAwMCwidXBkYXRlIjoxODAwMDAwMDAwMDAwfX0=",
          "dependencies": [
            "azurerm_lb.this",
            "azurerm_lb_backend_address_pool.this",
            "azurerm_public_ip.this",
            "azurerm_resource_group.this"
          ]
        }
      ]
    },
    {
      "mode": "managed",
      "type": "azurerm_network_security_group",
      "name": "this",
      "provider": "provider[\"registry.terraform.io/hashicorp/azurerm\"]",
      "instances": [
        {
          "schema_version": 0,
          "attributes": {
            "id": "/subscriptions/0b38b0b7-ed86-466d-83c9-0c4e8a19afc6/resourceGroups/north-sea-port/providers/Microsoft.Network/networkSecurityGroups/network-security-group",
            "location": "westeurope",
            "name": "network-security-group",
            "resource_group_name": "north-sea-port",
            "security_rule": [],
            "tags": null,
            "timeouts": null
          },
          "sensitive_attributes": [],
          "private": "eyJlMmJmYjczMC1lY2FhLTExZTYtOGY4OC0zNDM2M2JjN2M0YzAiOnsiY3JlYXRlIjoxODAwMDAwMDAwMDAwLCJkZWxldGUiOjE4MDAwMDAwMDAwMDAsInJlYWQiOjMwMDAwMDAwMDAwMCwidXBkYXRlIjoxODAwMDAwMDAwMDAwfX0=",
          "dependencies": [
            "azurerm_resource_group.this"
          ]
        }
      ]
    },
    {
      "mode": "managed",
      "type": "azurerm_network_security_rule",
      "name": "this",
      "provider": "provider[\"registry.terraform.io/hashicorp/azurerm\"]",
      "instances": [
        {
          "schema_version": 0,
          "attributes": {
            "access": "Allow",
            "description": "",
            "destination_address_prefix": "10.0.0.0/24",
            "destination_address_prefixes": null,
            "destination_application_security_group_ids": null,
            "destination_port_range": "2001",
            "destination_port_ranges": null,
            "direction": "Inbound",
            "id": "/subscriptions/0b38b0b7-ed86-466d-83c9-0c4e8a19afc6/resourceGroups/north-sea-port/providers/Microsoft.Network/networkSecurityGroups/network-security-group/securityRules/AllowAnyCustom2001Inbound",
            "name": "AllowAnyCustom2001Inbound",
            "network_security_group_name": "network-security-group",
            "priority": 100,
            "protocol": "Tcp",
            "resource_group_name": "north-sea-port",
            "source_address_prefix": "",
            "source_address_prefixes": [
              "212.115.197.141",
              "86.92.2.242"
            ],
            "source_application_security_group_ids": null,
            "source_port_range": "*",
            "source_port_ranges": null,
            "timeouts": null
          },
          "sensitive_attributes": [],
          "private": "eyJlMmJmYjczMC1lY2FhLTExZTYtOGY4OC0zNDM2M2JjN2M0YzAiOnsiY3JlYXRlIjoxODAwMDAwMDAwMDAwLCJkZWxldGUiOjE4MDAwMDAwMDAwMDAsInJlYWQiOjMwMDAwMDAwMDAwMCwidXBkYXRlIjoxODAwMDAwMDAwMDAwfX0=",
          "dependencies": [
            "azurerm_network_security_group.this",
            "azurerm_resource_group.this"
          ]
        }
      ]
    },
    {
      "mode": "managed",
      "type": "azurerm_private_dns_zone",
      "name": "this",
      "provider": "provider[\"registry.terraform.io/hashicorp/azurerm\"]",
      "instances": [
        {
          "schema_version": 0,
          "attributes": {
            "id": "/subscriptions/0b38b0b7-ed86-466d-83c9-0c4e8a19afc6/resourceGroups/north-sea-port/providers/Microsoft.Network/privateDnsZones/privatelink.servicebus.windows.net",
            "max_number_of_record_sets": 25000,
            "max_number_of_virtual_network_links": 1000,
            "max_number_of_virtual_network_links_with_registration": 100,
            "name": "privatelink.servicebus.windows.net",
            "number_of_record_sets": 1,
            "resource_group_name": "north-sea-port",
            "soa_record": [
              {
                "email": "azureprivatedns-host.microsoft.com",
                "expire_time": 2419200,
                "fqdn": "privatelink.servicebus.windows.net.",
                "host_name": "azureprivatedns.net",
                "minimum_ttl": 10,
                "refresh_time": 3600,
                "retry_time": 300,
                "serial_number": 1,
                "tags": {},
                "ttl": 3600
              }
            ],
            "tags": null,
            "timeouts": null
          },
          "sensitive_attributes": [],
          "private": "eyJlMmJmYjczMC1lY2FhLTExZTYtOGY4OC0zNDM2M2JjN2M0YzAiOnsiY3JlYXRlIjoxODAwMDAwMDAwMDAwLCJkZWxldGUiOjE4MDAwMDAwMDAwMDAsInJlYWQiOjMwMDAwMDAwMDAwMCwidXBkYXRlIjoxODAwMDAwMDAwMDAwfX0=",
          "dependencies": [
            "azurerm_resource_group.this"
          ]
        }
      ]
    },
    {
      "mode": "managed",
      "type": "azurerm_public_ip",
      "name": "this",
      "provider": "provider[\"registry.terraform.io/hashicorp/azurerm\"]",
      "instances": [
        {
          "schema_version": 0,
          "attributes": {
            "allocation_method": "Static",
            "ddos_protection_mode": "VirtualNetworkInherited",
            "ddos_protection_plan_id": null,
            "domain_name_label": "ais-receiver",
            "edge_zone": "",
            "fqdn": "ais-receiver.westeurope.cloudapp.azure.com",
            "id": "/subscriptions/0b38b0b7-ed86-466d-83c9-0c4e8a19afc6/resourceGroups/north-sea-port/providers/Microsoft.Network/publicIPAddresses/ais-public-ip",
            "idle_timeout_in_minutes": 4,
            "ip_address": "52.142.193.184",
            "ip_tags": null,
            "ip_version": "IPv4",
            "location": "westeurope",
            "name": "ais-public-ip",
            "public_ip_prefix_id": null,
            "resource_group_name": "north-sea-port",
            "reverse_fqdn": "",
            "sku": "Standard",
            "sku_tier": "Regional",
            "tags": null,
            "timeouts": null,
            "zones": null
          },
          "sensitive_attributes": [],
          "private": "eyJlMmJmYjczMC1lY2FhLTExZTYtOGY4OC0zNDM2M2JjN2M0YzAiOnsiY3JlYXRlIjoxODAwMDAwMDAwMDAwLCJkZWxldGUiOjE4MDAwMDAwMDAwMDAsInJlYWQiOjMwMDAwMDAwMDAwMCwidXBkYXRlIjoxODAwMDAwMDAwMDAwfX0=",
          "dependencies": [
            "azurerm_resource_group.this"
          ]
        }
      ]
    },
    {
      "mode": "managed",
      "type": "azurerm_resource_group",
      "name": "this",
      "provider": "provider[\"registry.terraform.io/hashicorp/azurerm\"]",
      "instances": [
        {
          "schema_version": 0,
          "attributes": {
            "id": "/subscriptions/0b38b0b7-ed86-466d-83c9-0c4e8a19afc6/resourceGroups/north-sea-port",
            "location": "westeurope",
            "managed_by": "",
            "name": "north-sea-port",
            "tags": null,
            "timeouts": null
          },
          "sensitive_attributes": [],
          "private": "eyJlMmJmYjczMC1lY2FhLTExZTYtOGY4OC0zNDM2M2JjN2M0YzAiOnsiY3JlYXRlIjo1NDAwMDAwMDAwMDAwLCJkZWxldGUiOjU0MDAwMDAwMDAwMDAsInJlYWQiOjMwMDAwMDAwMDAwMCwidXBkYXRlIjo1NDAwMDAwMDAwMDAwfX0="
        }
      ]
    },
    {
      "mode": "managed",
      "type": "azurerm_subnet",
      "name": "default",
      "provider": "provider[\"registry.terraform.io/hashicorp/azurerm\"]",
      "instances": [
        {
          "schema_version": 0,
          "attributes": {
            "address_prefixes": [
              "10.0.0.0/24"
            ],
            "delegation": [
              {
                "name": "Microsoft.ContainerInstance.containerGroups",
                "service_delegation": [
                  {
                    "actions": [
                      "Microsoft.Network/virtualNetworks/subnets/action"
                    ],
                    "name": "Microsoft.ContainerInstance/containerGroups"
                  }
                ]
              }
            ],
            "enforce_private_link_endpoint_network_policies": false,
            "enforce_private_link_service_network_policies": false,
            "id": "/subscriptions/0b38b0b7-ed86-466d-83c9-0c4e8a19afc6/resourceGroups/north-sea-port/providers/Microsoft.Network/virtualNetworks/north-sea-port-vnet/subnets/default",
            "name": "default",
            "private_endpoint_network_policies_enabled": true,
            "private_link_service_network_policies_enabled": true,
            "resource_group_name": "north-sea-port",
            "service_endpoint_policy_ids": null,
            "service_endpoints": [
              "Microsoft.KeyVault",
              "Microsoft.Storage"
            ],
            "timeouts": null,
            "virtual_network_name": "north-sea-port-vnet"
          },
          "sensitive_attributes": [],
          "private": "eyJlMmJmYjczMC1lY2FhLTExZTYtOGY4OC0zNDM2M2JjN2M0YzAiOnsiY3JlYXRlIjoxODAwMDAwMDAwMDAwLCJkZWxldGUiOjE4MDAwMDAwMDAwMDAsInJlYWQiOjMwMDAwMDAwMDAwMCwidXBkYXRlIjoxODAwMDAwMDAwMDAwfX0=",
          "dependencies": [
            "azurerm_resource_group.this",
            "azurerm_virtual_network.this"
          ]
        }
      ]
    },
    {
      "mode": "managed",
      "type": "azurerm_subnet",
      "name": "events",
      "provider": "provider[\"registry.terraform.io/hashicorp/azurerm\"]",
      "instances": [
        {
          "schema_version": 0,
          "attributes": {
            "address_prefixes": [
              "10.0.1.0/24"
            ],
            "delegation": [],
            "enforce_private_link_endpoint_network_policies": false,
            "enforce_private_link_service_network_policies": false,
            "id": "/subscriptions/0b38b0b7-ed86-466d-83c9-0c4e8a19afc6/resourceGroups/north-sea-port/providers/Microsoft.Network/virtualNetworks/north-sea-port-vnet/subnets/events",
            "name": "events",
            "private_endpoint_network_policies_enabled": true,
            "private_link_service_network_policies_enabled": true,
            "resource_group_name": "north-sea-port",
            "service_endpoint_policy_ids": null,
            "service_endpoints": null,
            "timeouts": null,
            "virtual_network_name": "north-sea-port-vnet"
          },
          "sensitive_attributes": [],
          "private": "eyJlMmJmYjczMC1lY2FhLTExZTYtOGY4OC0zNDM2M2JjN2M0YzAiOnsiY3JlYXRlIjoxODAwMDAwMDAwMDAwLCJkZWxldGUiOjE4MDAwMDAwMDAwMDAsInJlYWQiOjMwMDAwMDAwMDAwMCwidXBkYXRlIjoxODAwMDAwMDAwMDAwfX0=",
          "dependencies": [
            "azurerm_resource_group.this",
            "azurerm_virtual_network.this"
          ]
        }
      ]
    },
    {
      "mode": "managed",
      "type": "azurerm_subnet_network_security_group_association",
      "name": "this",
      "provider": "provider[\"registry.terraform.io/hashicorp/azurerm\"]",
      "instances": [
        {
          "schema_version": 0,
          "attributes": {
            "id": "/subscriptions/0b38b0b7-ed86-466d-83c9-0c4e8a19afc6/resourceGroups/north-sea-port/providers/Microsoft.Network/virtualNetworks/north-sea-port-vnet/subnets/default",
            "network_security_group_id": "/subscriptions/0b38b0b7-ed86-466d-83c9-0c4e8a19afc6/resourceGroups/north-sea-port/providers/Microsoft.Network/networkSecurityGroups/network-security-group",
            "subnet_id": "/subscriptions/0b38b0b7-ed86-466d-83c9-0c4e8a19afc6/resourceGroups/north-sea-port/providers/Microsoft.Network/virtualNetworks/north-sea-port-vnet/subnets/default",
            "timeouts": null
          },
          "sensitive_attributes": [],
          "private": "eyJlMmJmYjczMC1lY2FhLTExZTYtOGY4OC0zNDM2M2JjN2M0YzAiOnsiY3JlYXRlIjoxODAwMDAwMDAwMDAwLCJkZWxldGUiOjE4MDAwMDAwMDAwMDAsInJlYWQiOjMwMDAwMDAwMDAwMCwidXBkYXRlIjoxODAwMDAwMDAwMDAwfX0=",
          "dependencies": [
            "azurerm_network_security_group.this",
            "azurerm_resource_group.this",
            "azurerm_subnet.default",
            "azurerm_virtual_network.this"
          ]
        }
      ]
    },
    {
      "mode": "managed",
      "type": "azurerm_virtual_network",
      "name": "this",
      "provider": "provider[\"registry.terraform.io/hashicorp/azurerm\"]",
      "instances": [
        {
          "schema_version": 0,
          "attributes": {
            "address_space": [
              "10.0.0.0/16"
            ],
            "bgp_community": "",
            "ddos_protection_plan": [],
            "dns_servers": [],
            "edge_zone": "",
            "encryption": [],
            "flow_timeout_in_minutes": 0,
            "guid": "f0a824ff-e27d-4385-a6d9-35eb42cafa62",
            "id": "/subscriptions/0b38b0b7-ed86-466d-83c9-0c4e8a19afc6/resourceGroups/north-sea-port/providers/Microsoft.Network/virtualNetworks/north-sea-port-vnet",
            "location": "westeurope",
            "name": "north-sea-port-vnet",
            "resource_group_name": "north-sea-port",
            "subnet": [],
            "tags": null,
            "timeouts": null
          },
          "sensitive_attributes": [],
          "private": "eyJlMmJmYjczMC1lY2FhLTExZTYtOGY4OC0zNDM2M2JjN2M0YzAiOnsiY3JlYXRlIjoxODAwMDAwMDAwMDAwLCJkZWxldGUiOjE4MDAwMDAwMDAwMDAsInJlYWQiOjMwMDAwMDAwMDAwMCwidXBkYXRlIjoxODAwMDAwMDAwMDAwfX0=",
          "dependencies": [
            "azurerm_resource_group.this"
          ]
        }
      ]
    }
  ],
  "check_results": null
}
